
Microsoft Visual Studio Solution File, Format Version 11.00
# Visual Studio 2010
# SharpDevelop 4.4
Project("{FAE04EC0-301F-11D3-BF4B-00C04F79EFBC}") = "TugasPertemuan3", "TugasPertemuan3\TugasPertemuan3.csproj", "{E5DED14D-45FC-4D36-8508-DBEA5BB8B10E}"
EndProject
Global
	GlobalSection(SolutionConfigurationPlatforms) = preSolution
		Debug|Any CPU = Debug|Any CPU
		Release|Any CPU = Release|Any CPU
	EndGlobalSection
	GlobalSection(ProjectConfigurationPlatforms) = postSolution
		{E5DED14D-45FC-4D36-8508-DBEA5BB8B10E}.Debug|Any CPU.Build.0 = Debug|Any CPU
		{E5DED14D-45FC-4D36-8508-DBEA5BB8B10E}.Debug|Any CPU.ActiveCfg = Debug|Any CPU
		{E5DED14D-45FC-4D36-8508-DBEA5BB8B10E}.Release|Any CPU.Build.0 = Release|Any CPU
		{E5DED14D-45FC-4D36-8508-DBEA5BB8B10E}.Release|Any CPU.ActiveCfg = Release|Any CPU
	EndGlobalSection
EndGlobal
